<?xml version="1.0" encoding="utf-8"?>
<Project ToolsVersion="4.0" xmlns="http://schemas.microsoft.com/developer/msbuild/2003">
  <ItemGroup>
    <Filter Include="EasyDIPAPI">
      <UniqueIdentifier>{CEEB7B97-BAA3-BDE4-23AB-96400F8258D5}</UniqueIdentifier>
    </Filter>
    <Filter Include="dependencies">
      <UniqueIdentifier>{8CAD9F58-7810-2FFD-2196-67B30DD8FA7F}</UniqueIdentifier>
    </Filter>
    <Filter Include="dependencies\imgui-filebrowser">
      <UniqueIdentifier>{E75763EB-D37D-2D52-BCC3-B21DA888521E}</UniqueIdentifier>
    </Filter>
  </ItemGroup>
  <ItemGroup>
    <ClInclude Include="EasyDIPAPI\EDBaseConv.h">
      <Filter>EasyDIPAPI</Filter>
    </ClInclude>
    <ClInclude Include="EasyDIPAPI\EDCompositeConv.h">
      <Filter>EasyDIPAPI</Filter>
    </ClInclude>
    <ClInclude Include="EasyDIPAPI\EDConvolution.h">
      <Filter>EasyDIPAPI</Filter>
    </ClInclude>
    <ClInclude Include="EasyDIPAPI\EDImage.h">
      <Filter>EasyDIPAPI</Filter>
    </ClInclude>
    <ClInclude Include="EasyDIPAPI\EDpch.h">
      <Filter>EasyDIPAPI</Filter>
    </ClInclude>
    <ClInclude Include="EasyDIPAPI\EDImageIterator.h" />
    <ClInclude Include="Shader.h" />
  </ItemGroup>
  <ItemGroup>
    <ClCompile Include="EasyDIPAPI\EDBaseConv.cpp">
      <Filter>EasyDIPAPI</Filter>
    </ClCompile>
    <ClCompile Include="EasyDIPAPI\EDCompositeConv.cpp">
      <Filter>EasyDIPAPI</Filter>
    </ClCompile>
    <ClCompile Include="EasyDIPAPI\EDConvolution.cpp">
      <Filter>EasyDIPAPI</Filter>
    </ClCompile>
    <ClCompile Include="EasyDIPAPI\EDImage.cpp">
      <Filter>EasyDIPAPI</Filter>
    </ClCompile>
    <ClCompile Include="EasyDIPAPI\EDpch.cpp">
      <Filter>EasyDIPAPI</Filter>
    </ClCompile>
    <ClCompile Include="EasyDIPAPI\EDImageIterator.cpp" />
    <ClCompile Include="Shader.cpp" />
  </ItemGroup>
</Project>